
Microsoft Visual Studio Solution File, Format Version 12.00
# Visual Studio 15
VisualStudioVersion = 15.0.28307.572
MinimumVisualStudioVersion = 10.0.40219.1
Project("{FAE04EC0-301F-11D3-BF4B-00C04F79EFBC}") = "CompactModel", "CompactModel\CompactModel.csproj", "{872BA89A-0AD6-43C0-AD7A-3A58CBBE1D1C}"
EndProject
Global
	GlobalSection(SolutionConfigurationPlatforms) = preSolution
		Debug|Any CPU = Debug|Any CPU
		Release|Any CPU = Release|Any CPU
	EndGlobalSection
	GlobalSection(ProjectConfigurationPlatforms) = postSolution
		{872BA89A-0AD6-43C0-AD7A-3A58CBBE1D1C}.Debug|Any CPU.ActiveCfg = Debug|Any CPU
		{872BA89A-0AD6-43C0-AD7A-3A58CBBE1D1C}.Debug|Any CPU.Build.0 = Debug|Any CPU
		{872BA89A-0AD6-43C0-AD7A-3A58CBBE1D1C}.Release|Any CPU.ActiveCfg = Release|Any CPU
		{872BA89A-0AD6-43C0-AD7A-3A58CBBE1D1C}.Release|Any CPU.Build.0 = Release|Any CPU
	EndGlobalSection
	GlobalSection(SolutionProperties) = preSolution
		HideSolutionNode = FALSE
	EndGlobalSection
	GlobalSection(ExtensibilityGlobals) = postSolution
		SolutionGuid = {58B816E1-CECA-41F6-B3FA-A98ABD5C9DB4}
	EndGlobalSection
EndGlobal
